
Microsoft Visual Studio Solution File, Format Version 12.00
# Visual Studio Version 17
VisualStudioVersion = 17.14.36616.10
MinimumVisualStudioVersion = 10.0.40219.1
Project("{FAE04EC0-301F-11D3-BF4B-00C04F79EFBC}") = "DirectoryService.Web", "DirectoryService.Web\DirectoryService.Web.csproj", "{40507D0A-EA67-4FA0-83EA-53157ACED0CF}"
EndProject
Project("{2150E333-8FDC-42A3-9474-1A3956D46DE8}") = "Solution Items", "Solution Items", "{8EC462FD-D22E-90A8-E5CE-7E832BA40C5D}"
	ProjectSection(SolutionItems) = preProject
		..\..\.gitignore = ..\..\.gitignore
		editorconfig.txt = editorconfig.txt
	EndProjectSection
EndProject
Project("{FAE04EC0-301F-11D3-BF4B-00C04F79EFBC}") = "DirectoryService.Domain", "DirectoryService.Domain\DirectoryService.Domain.csproj", "{6B274094-6243-4DB0-8236-34209BE065C4}"
EndProject
Project("{FAE04EC0-301F-11D3-BF4B-00C04F79EFBC}") = "DirectoryService.Application", "DirectoryService.Application\DirectoryService.Application.csproj", "{C0B176F3-F088-4504-B8FA-6B2C0676F058}"
EndProject
Project("{FAE04EC0-301F-11D3-BF4B-00C04F79EFBC}") = "DirectoryService.Infrastructure.Postgres", "DirectoryService.Infrastructure.Postgres\DirectoryService.Infrastructure.Postgres.csproj", "{9C0B0F74-5C36-4A80-8D1D-B95BB8CBE224}"
EndProject
Project("{FAE04EC0-301F-11D3-BF4B-00C04F79EFBC}") = "DirectoryService.Contracts", "DirectoryService.Contracts\DirectoryService.Contracts.csproj", "{FBD444AE-04B8-4710-9D83-3F76B610D8DF}"
EndProject
Project("{2150E333-8FDC-42A3-9474-1A3956D46DE8}") = "Shared", "Shared", "{02EA681E-C7D8-13C7-8484-4AC65E1B71E8}"
EndProject
Project("{FAE04EC0-301F-11D3-BF4B-00C04F79EFBC}") = "DirectoryService.Core", "Shared\DirectoryService.Core\DirectoryService.Core.csproj", "{5C1C0D44-0CF0-4131-A25C-C3EBAAB5CE18}"
EndProject
Project("{FAE04EC0-301F-11D3-BF4B-00C04F79EFBC}") = "DirectoryService.Framework", "Shared\DirectoryService.Framework\DirectoryService.Framework.csproj", "{E24026D4-7BCD-4528-9DF4-D072F83DEC46}"
EndProject
Project("{FAE04EC0-301F-11D3-BF4B-00C04F79EFBC}") = "DirectoryService.SharedKernel", "Shared\DirectoryService.SharedKernel\DirectoryService.SharedKernel.csproj", "{971238B9-0693-4C9A-AFC9-32D6853A1D3F}"
EndProject
Global
	GlobalSection(SolutionConfigurationPlatforms) = preSolution
		Debug|Any CPU = Debug|Any CPU
		Release|Any CPU = Release|Any CPU
	EndGlobalSection
	GlobalSection(ProjectConfigurationPlatforms) = postSolution
		{40507D0A-EA67-4FA0-83EA-53157ACED0CF}.Debug|Any CPU.ActiveCfg = Debug|Any CPU
		{40507D0A-EA67-4FA0-83EA-53157ACED0CF}.Debug|Any CPU.Build.0 = Debug|Any CPU
		{40507D0A-EA67-4FA0-83EA-53157ACED0CF}.Release|Any CPU.ActiveCfg = Release|Any CPU
		{40507D0A-EA67-4FA0-83EA-53157ACED0CF}.Release|Any CPU.Build.0 = Release|Any CPU
		{6B274094-6243-4DB0-8236-34209BE065C4}.Debug|Any CPU.ActiveCfg = Debug|Any CPU
		{6B274094-6243-4DB0-8236-34209BE065C4}.Debug|Any CPU.Build.0 = Debug|Any CPU
		{6B274094-6243-4DB0-8236-34209BE065C4}.Release|Any CPU.ActiveCfg = Release|Any CPU
		{6B274094-6243-4DB0-8236-34209BE065C4}.Release|Any CPU.Build.0 = Release|Any CPU
		{C0B176F3-F088-4504-B8FA-6B2C0676F058}.Debug|Any CPU.ActiveCfg = Debug|Any CPU
		{C0B176F3-F088-4504-B8FA-6B2C0676F058}.Debug|Any CPU.Build.0 = Debug|Any CPU
		{C0B176F3-F088-4504-B8FA-6B2C0676F058}.Release|Any CPU.ActiveCfg = Release|Any CPU
		{C0B176F3-F088-4504-B8FA-6B2C0676F058}.Release|Any CPU.Build.0 = Release|Any CPU
		{9C0B0F74-5C36-4A80-8D1D-B95BB8CBE224}.Debug|Any CPU.ActiveCfg = Debug|Any CPU
		{9C0B0F74-5C36-4A80-8D1D-B95BB8CBE224}.Debug|Any CPU.Build.0 = Debug|Any CPU
		{9C0B0F74-5C36-4A80-8D1D-B95BB8CBE224}.Release|Any CPU.ActiveCfg = Release|Any CPU
		{9C0B0F74-5C36-4A80-8D1D-B95BB8CBE224}.Release|Any CPU.Build.0 = Release|Any CPU
		{FBD444AE-04B8-4710-9D83-3F76B610D8DF}.Debug|Any CPU.ActiveCfg = Debug|Any CPU
		{FBD444AE-04B8-4710-9D83-3F76B610D8DF}.Debug|Any CPU.Build.0 = Debug|Any CPU
		{FBD444AE-04B8-4710-9D83-3F76B610D8DF}.Release|Any CPU.ActiveCfg = Release|Any CPU
		{FBD444AE-04B8-4710-9D83-3F76B610D8DF}.Release|Any CPU.Build.0 = Release|Any CPU
		{5C1C0D44-0CF0-4131-A25C-C3EBAAB5CE18}.Debug|Any CPU.ActiveCfg = Debug|Any CPU
		{5C1C0D44-0CF0-4131-A25C-C3EBAAB5CE18}.Debug|Any CPU.Build.0 = Debug|Any CPU
		{5C1C0D44-0CF0-4131-A25C-C3EBAAB5CE18}.Release|Any CPU.ActiveCfg = Release|Any CPU
		{5C1C0D44-0CF0-4131-A25C-C3EBAAB5CE18}.Release|Any CPU.Build.0 = Release|Any CPU
		{E24026D4-7BCD-4528-9DF4-D072F83DEC46}.Debug|Any CPU.ActiveCfg = Debug|Any CPU
		{E24026D4-7BCD-4528-9DF4-D072F83DEC46}.Debug|Any CPU.Build.0 = Debug|Any CPU
		{E24026D4-7BCD-4528-9DF4-D072F83DEC46}.Release|Any CPU.ActiveCfg = Release|Any CPU
		{E24026D4-7BCD-4528-9DF4-D072F83DEC46}.Release|Any CPU.Build.0 = Release|Any CPU
		{971238B9-0693-4C9A-AFC9-32D6853A1D3F}.Debug|Any CPU.ActiveCfg = Debug|Any CPU
		{971238B9-0693-4C9A-AFC9-32D6853A1D3F}.Debug|Any CPU.Build.0 = Debug|Any CPU
		{971238B9-0693-4C9A-AFC9-32D6853A1D3F}.Release|Any CPU.ActiveCfg = Release|Any CPU
		{971238B9-0693-4C9A-AFC9-32D6853A1D3F}.Release|Any CPU.Build.0 = Release|Any CPU
	EndGlobalSection
	GlobalSection(SolutionProperties) = preSolution
		HideSolutionNode = FALSE
	EndGlobalSection
	GlobalSection(NestedProjects) = preSolution
		{5C1C0D44-0CF0-4131-A25C-C3EBAAB5CE18} = {02EA681E-C7D8-13C7-8484-4AC65E1B71E8}
		{E24026D4-7BCD-4528-9DF4-D072F83DEC46} = {02EA681E-C7D8-13C7-8484-4AC65E1B71E8}
		{971238B9-0693-4C9A-AFC9-32D6853A1D3F} = {02EA681E-C7D8-13C7-8484-4AC65E1B71E8}
	EndGlobalSection
	GlobalSection(ExtensibilityGlobals) = postSolution
		SolutionGuid = {B1E77C11-7B55-4B7A-B834-5F462CA4C159}
	EndGlobalSection
EndGlobal
