
Microsoft Visual Studio Solution File, Format Version 12.00
# Visual Studio Version 17
VisualStudioVersion = 17.14.36616.10
MinimumVisualStudioVersion = 10.0.40219.1
Project("{FAE04EC0-301F-11D3-BF4B-00C04F79EFBC}") = "DirectoryService.Web", "DirectoryService.Web\DirectoryService.Web.csproj", "{40507D0A-EA67-4FA0-83EA-53157ACED0CF}"
EndProject
Project("{2150E333-8FDC-42A3-9474-1A3956D46DE8}") = "Solution Items", "Solution Items", "{8EC462FD-D22E-90A8-E5CE-7E832BA40C5D}"
	ProjectSection(SolutionItems) = preProject
		..\..\.gitignore = ..\..\.gitignore
		..\..\docker-compose-dev.yml = ..\..\docker-compose-dev.yml
		..\..\.env = ..\..\.env
		..\..\.editorconfig = ..\..\.editorconfig
		..\..\Directory.Build.props = ..\..\Directory.Build.props
		..\..\Directory.Packages.props = ..\..\Directory.Packages.props
		..\..\nuget.config = ..\..\nuget.config
	EndProjectSection
EndProject
Project("{FAE04EC0-301F-11D3-BF4B-00C04F79EFBC}") = "DirectoryService.Domain", "DirectoryService.Domain\DirectoryService.Domain.csproj", "{6B274094-6243-4DB0-8236-34209BE065C4}"
EndProject
Project("{FAE04EC0-301F-11D3-BF4B-00C04F79EFBC}") = "DirectoryService.Application", "DirectoryService.Application\DirectoryService.Application.csproj", "{C0B176F3-F088-4504-B8FA-6B2C0676F058}"
EndProject
Project("{FAE04EC0-301F-11D3-BF4B-00C04F79EFBC}") = "DirectoryService.Infrastructure.Postgres", "DirectoryService.Infrastructure.Postgres\DirectoryService.Infrastructure.Postgres.csproj", "{9C0B0F74-5C36-4A80-8D1D-B95BB8CBE224}"
EndProject
Project("{FAE04EC0-301F-11D3-BF4B-00C04F79EFBC}") = "DirectoryService.Contracts", "DirectoryService.Contracts\DirectoryService.Contracts.csproj", "{FBD444AE-04B8-4710-9D83-3F76B610D8DF}"
EndProject
Project("{2150E333-8FDC-42A3-9474-1A3956D46DE8}") = "tests", "tests", "{E17FB8DD-2643-4B3D-8B62-E0D6DA502514}"
EndProject
Project("{FAE04EC0-301F-11D3-BF4B-00C04F79EFBC}") = "DirectoryService.IntegrationTests", "tests\DirectoryService.IntegrationTests\DirectoryService.IntegrationTests.csproj", "{5A1506C5-021D-449D-8E34-76D525BED6DD}"
EndProject
Global
	GlobalSection(SolutionConfigurationPlatforms) = preSolution
		Debug|Any CPU = Debug|Any CPU
		Release|Any CPU = Release|Any CPU
	EndGlobalSection
	GlobalSection(ProjectConfigurationPlatforms) = postSolution
		{40507D0A-EA67-4FA0-83EA-53157ACED0CF}.Debug|Any CPU.ActiveCfg = Debug|Any CPU
		{40507D0A-EA67-4FA0-83EA-53157ACED0CF}.Debug|Any CPU.Build.0 = Debug|Any CPU
		{40507D0A-EA67-4FA0-83EA-53157ACED0CF}.Release|Any CPU.ActiveCfg = Release|Any CPU
		{40507D0A-EA67-4FA0-83EA-53157ACED0CF}.Release|Any CPU.Build.0 = Release|Any CPU
		{6B274094-6243-4DB0-8236-34209BE065C4}.Debug|Any CPU.ActiveCfg = Debug|Any CPU
		{6B274094-6243-4DB0-8236-34209BE065C4}.Debug|Any CPU.Build.0 = Debug|Any CPU
		{6B274094-6243-4DB0-8236-34209BE065C4}.Release|Any CPU.ActiveCfg = Release|Any CPU
		{6B274094-6243-4DB0-8236-34209BE065C4}.Release|Any CPU.Build.0 = Release|Any CPU
		{C0B176F3-F088-4504-B8FA-6B2C0676F058}.Debug|Any CPU.ActiveCfg = Debug|Any CPU
		{C0B176F3-F088-4504-B8FA-6B2C0676F058}.Debug|Any CPU.Build.0 = Debug|Any CPU
		{C0B176F3-F088-4504-B8FA-6B2C0676F058}.Release|Any CPU.ActiveCfg = Release|Any CPU
		{C0B176F3-F088-4504-B8FA-6B2C0676F058}.Release|Any CPU.Build.0 = Release|Any CPU
		{9C0B0F74-5C36-4A80-8D1D-B95BB8CBE224}.Debug|Any CPU.ActiveCfg = Debug|Any CPU
		{9C0B0F74-5C36-4A80-8D1D-B95BB8CBE224}.Debug|Any CPU.Build.0 = Debug|Any CPU
		{9C0B0F74-5C36-4A80-8D1D-B95BB8CBE224}.Release|Any CPU.ActiveCfg = Release|Any CPU
		{9C0B0F74-5C36-4A80-8D1D-B95BB8CBE224}.Release|Any CPU.Build.0 = Release|Any CPU
		{FBD444AE-04B8-4710-9D83-3F76B610D8DF}.Debug|Any CPU.ActiveCfg = Debug|Any CPU
		{FBD444AE-04B8-4710-9D83-3F76B610D8DF}.Debug|Any CPU.Build.0 = Debug|Any CPU
		{FBD444AE-04B8-4710-9D83-3F76B610D8DF}.Release|Any CPU.ActiveCfg = Release|Any CPU
		{FBD444AE-04B8-4710-9D83-3F76B610D8DF}.Release|Any CPU.Build.0 = Release|Any CPU
		{5A1506C5-021D-449D-8E34-76D525BED6DD}.Debug|Any CPU.ActiveCfg = Debug|Any CPU
		{5A1506C5-021D-449D-8E34-76D525BED6DD}.Debug|Any CPU.Build.0 = Debug|Any CPU
		{5A1506C5-021D-449D-8E34-76D525BED6DD}.Release|Any CPU.ActiveCfg = Release|Any CPU
		{5A1506C5-021D-449D-8E34-76D525BED6DD}.Release|Any CPU.Build.0 = Release|Any CPU
	EndGlobalSection
	GlobalSection(SolutionProperties) = preSolution
		HideSolutionNode = FALSE
	EndGlobalSection
	GlobalSection(NestedProjects) = preSolution
		{5A1506C5-021D-449D-8E34-76D525BED6DD} = {E17FB8DD-2643-4B3D-8B62-E0D6DA502514}
	EndGlobalSection
	GlobalSection(ExtensibilityGlobals) = postSolution
		SolutionGuid = {B1E77C11-7B55-4B7A-B834-5F462CA4C159}
	EndGlobalSection
EndGlobal
